
Microsoft Visual Studio Solution File, Format Version 12.00
# Visual Studio Version 17
VisualStudioVersion = 17.10.35027.167
MinimumVisualStudioVersion = 10.0.40219.1
Project("{FAE04EC0-301F-11D3-BF4B-00C04F79EFBC}") = "Vidly", "Vidly\Vidly.csproj", "{27A7C582-D4FB-46E0-A653-0B97780E5369}"
EndProject
Global
	GlobalSection(SolutionConfigurationPlatforms) = preSolution
		Debug|Any CPU = Debug|Any CPU
		Release|Any CPU = Release|Any CPU
	EndGlobalSection
	GlobalSection(ProjectConfigurationPlatforms) = postSolution
		{27A7C582-D4FB-46E0-A653-0B97780E5369}.Debug|Any CPU.ActiveCfg = Debug|Any CPU
		{27A7C582-D4FB-46E0-A653-0B97780E5369}.Debug|Any CPU.Build.0 = Debug|Any CPU
		{27A7C582-D4FB-46E0-A653-0B97780E5369}.Release|Any CPU.ActiveCfg = Release|Any CPU
		{27A7C582-D4FB-46E0-A653-0B97780E5369}.Release|Any CPU.Build.0 = Release|Any CPU
	EndGlobalSection
	GlobalSection(SolutionProperties) = preSolution
		HideSolutionNode = FALSE
	EndGlobalSection
	GlobalSection(ExtensibilityGlobals) = postSolution
		SolutionGuid = {61987FD5-D757-4A2A-9386-7F525B4E647D}
	EndGlobalSection
EndGlobal
